// !$*UTF8*$!
{
	archiveVersion = 1;
	classes = {
	};
	objectVersion = 56;
	objects = {

/* Begin PBXBuildFile section */
		46042B082C887C4E0055DB34 /* AppDelegate.swift in Sources */ = {isa = PBXBuildFile; fileRef = 46042B072C887C4E0055DB34 /* AppDelegate.swift */; };
		46042B0A2C887C4E0055DB34 /* SceneDelegate.swift in Sources */ = {isa = PBXBuildFile; fileRef = 46042B092C887C4E0055DB34 /* SceneDelegate.swift */; };
		46042B0C2C887C4E0055DB34 /* ViewController.swift in Sources */ = {isa = PBXBuildFile; fileRef = 46042B0B2C887C4E0055DB34 /* ViewController.swift */; };
		46042B0F2C887C4E0055DB34 /* Base in Resources */ = {isa = PBXBuildFile; fileRef = 46042B0E2C887C4E0055DB34 /* Base */; };
		46042B112C887C4F0055DB34 /* Assets.xcassets in Resources */ = {isa = PBXBuildFile; fileRef = 46042B102C887C4F0055DB34 /* Assets.xcassets */; };
		46042B142C887C4F0055DB34 /* Base in Resources */ = {isa = PBXBuildFile; fileRef = 46042B132C887C4F0055DB34 /* Base */; };
		46042B1F2C887C500055DB34 /* SceneTests.swift in Sources */ = {isa = PBXBuildFile; fileRef = 46042B1E2C887C500055DB34 /* SceneTests.swift */; };
		46042B292C887C500055DB34 /* SceneUITests.swift in Sources */ = {isa = PBXBuildFile; fileRef = 46042B282C887C500055DB34 /* SceneUITests.swift */; };
		46042B2B2C887C500055DB34 /* SceneUITestsLaunchTests.swift in Sources */ = {isa = PBXBuildFile; fileRef = 46042B2A2C887C500055DB34 /* SceneUITestsLaunchTests.swift */; };
/* End PBXBuildFile section */

/* Begin PBXContainerItemProxy section */
		46042B1B2C887C500055DB34 /* PBXContainerItemProxy */ = {
			isa = PBXContainerItemProxy;
			containerPortal = 46042AFC2C887C4E0055DB34 /* Project object */;
			proxyType = 1;
			remoteGlobalIDString = 46042B032C887C4E0055DB34;
			remoteInfo = Scene;
		};
		46042B252C887C500055DB34 /* PBXContainerItemProxy */ = {
			isa = PBXContainerItemProxy;
			containerPortal = 46042AFC2C887C4E0055DB34 /* Project object */;
			proxyType = 1;
			remoteGlobalIDString = 46042B032C887C4E0055DB34;
			remoteInfo = Scene;
		};
/* End PBXContainerItemProxy section */

/* Begin PBXFileReference section */
		46042B042C887C4E0055DB34 /* Scene.app */ = {isa = PBXFileReference; explicitFileType = wrapper.application; includeInIndex = 0; path = Scene.app; sourceTree = BUILT_PRODUCTS_DIR; };
		46042B072C887C4E0055DB34 /* AppDelegate.swift */ = {isa = PBXFileReference; lastKnownFileType = sourcecode.swift; path = AppDelegate.swift; sourceTree = "<group>"; };
		46042B092C887C4E0055DB34 /* SceneDelegate.swift */ = {isa = PBXFileReference; lastKnownFileType = sourcecode.swift; path = SceneDelegate.swift; sourceTree = "<group>"; };
		46042B0B2C887C4E0055DB34 /* ViewController.swift */ = {isa = PBXFileReference; lastKnownFileType = sourcecode.swift; path = ViewController.swift; sourceTree = "<group>"; };
		46042B0E2C887C4E0055DB34 /* Base */ = {isa = PBXFileReference; lastKnownFileType = file.storyboard; name = Base; path = Base.lproj/Main.storyboard; sourceTree = "<group>"; };
		46042B102C887C4F0055DB34 /* Assets.xcassets */ = {isa = PBXFileReference; lastKnownFileType = folder.assetcatalog; path = Assets.xcassets; sourceTree = "<group>"; };
		46042B132C887C4F0055DB34 /* Base */ = {isa = PBXFileReference; lastKnownFileType = file.storyboard; name = Base; path = Base.lproj/LaunchScreen.storyboard; sourceTree = "<group>"; };
		46042B152C887C4F0055DB34 /* Info.plist */ = {isa = PBXFileReference; lastKnownFileType = text.plist.xml; path = Info.plist; sourceTree = "<group>"; };
		46042B1A2C887C500055DB34 /* SceneTests.xctest */ = {isa = PBXFileReference; explicitFileType = wrapper.cfbundle; includeInIndex = 0; path = SceneTests.xctest; sourceTree = BUILT_PRODUCTS_DIR; };
		46042B1E2C887C500055DB34 /* SceneTests.swift */ = {isa = PBXFileReference; lastKnownFileType = sourcecode.swift; path = SceneTests.swift; sourceTree = "<group>"; };
		46042B242C887C500055DB34 /* SceneUITests.xctest */ = {isa = PBXFileReference; explicitFileType = wrapper.cfbundle; includeInIndex = 0; path = SceneUITests.xctest; sourceTree = BUILT_PRODUCTS_DIR; };
		46042B282C887C500055DB34 /* SceneUITests.swift */ = {isa = PBXFileReference; lastKnownFileType = sourcecode.swift; path = SceneUITests.swift; sourceTree = "<group>"; };
		46042B2A2C887C500055DB34 /* SceneUITestsLaunchTests.swift */ = {isa = PBXFileReference; lastKnownFileType = sourcecode.swift; path = SceneUITestsLaunchTests.swift; sourceTree = "<group>"; };
/* End PBXFileReference section */

/* Begin PBXFrameworksBuildPhase section */
		46042B012C887C4E0055DB34 /* Frameworks */ = {
			isa = PBXFrameworksBuildPhase;
			buildActionMask = 2147483647;
			files = (
			);
			runOnlyForDeploymentPostprocessing = 0;
		};
		46042B172C887C500055DB34 /* Frameworks */ = {
			isa = PBXFrameworksBuildPhase;
			buildActionMask = 2147483647;
			files = (
			);
			runOnlyForDeploymentPostprocessing = 0;
		};
		46042B212C887C500055DB34 /* Frameworks */ = {
			isa = PBXFrameworksBuildPhase;
			buildActionMask = 2147483647;
			files = (
			);
			runOnlyForDeploymentPostprocessing = 0;
		};
/* End PBXFrameworksBuildPhase section */

/* Begin PBXGroup section */
		46042AFB2C887C4E0055DB34 = {
			isa = PBXGroup;
			children = (
				46042B062C887C4E0055DB34 /* Scene */,
				46042B1D2C887C500055DB34 /* SceneTests */,
				46042B272C887C500055DB34 /* SceneUITests */,
				46042B052C887C4E0055DB34 /* Products */,
			);
			sourceTree = "<group>";
		};
		46042B052C887C4E0055DB34 /* Products */ = {
			isa = PBXGroup;
			children = (
				46042B042C887C4E0055DB34 /* Scene.app */,
				46042B1A2C887C500055DB34 /* SceneTests.xctest */,
				46042B242C887C500055DB34 /* SceneUITests.xctest */,
			);
			name = Products;
			sourceTree = "<group>";
		};
		46042B062C887C4E0055DB34 /* Scene */ = {
			isa = PBXGroup;
			children = (
				46042B072C887C4E0055DB34 /* AppDelegate.swift */,
				46042B092C887C4E0055DB34 /* SceneDelegate.swift */,
				46042B0B2C887C4E0055DB34 /* ViewController.swift */,
				46042B0D2C887C4E0055DB34 /* Main.storyboard */,
				46042B102C887C4F0055DB34 /* Assets.xcassets */,
				46042B122C887C4F0055DB34 /* LaunchScreen.storyboard */,
				46042B152C887C4F0055DB34 /* Info.plist */,
			);
			path = Scene;
			sourceTree = "<group>";
		};
		46042B1D2C887C500055DB34 /* SceneTests */ = {
			isa = PBXGroup;
			children = (
				46042B1E2C887C500055DB34 /* SceneTests.swift */,
			);
			path = SceneTests;
			sourceTree = "<group>";
		};
		46042B272C887C500055DB34 /* SceneUITests */ = {
			isa = PBXGroup;
			children = (
				46042B282C887C500055DB34 /* SceneUITests.swift */,
				46042B2A2C887C500055DB34 /* SceneUITestsLaunchTests.swift */,
			);
			path = SceneUITests;
			sourceTree = "<group>";
		};
/* End PBXGroup section */

/* Begin PBXNativeTarget section */
		46042B032C887C4E0055DB34 /* Scene */ = {
			isa = PBXNativeTarget;
			buildConfigurationList = 46042B2E2C887C500055DB34 /* Build configuration list for PBXNativeTarget "Scene" */;
			buildPhases = (
				46042B002C887C4E0055DB34 /* Sources */,
				46042B012C887C4E0055DB34 /* Frameworks */,
				46042B022C887C4E0055DB34 /* Resources */,
			);
			buildRules = (
			);
			dependencies = (
			);
			name = Scene;
			productName = Scene;
			productReference = 46042B042C887C4E0055DB34 /* Scene.app */;
			productType = "com.apple.product-type.application";
		};
		46042B192C887C500055DB34 /* SceneTests */ = {
			isa = PBXNativeTarget;
			buildConfigurationList = 46042B312C887C500055DB34 /* Build configuration list for PBXNativeTarget "SceneTests" */;
			buildPhases = (
				46042B162C887C500055DB34 /* Sources */,
				46042B172C887C500055DB34 /* Frameworks */,
				46042B182C887C500055DB34 /* Resources */,
			);
			buildRules = (
			);
			dependencies = (
				46042B1C2C887C500055DB34 /* PBXTargetDependency */,
			);
			name = SceneTests;
			productName = SceneTests;
			productReference = 46042B1A2C887C500055DB34 /* SceneTests.xctest */;
			productType = "com.apple.product-type.bundle.unit-test";
		};
		46042B232C887C500055DB34 /* SceneUITests */ = {
			isa = PBXNativeTarget;
			buildConfigurationList = 46042B342C887C500055DB34 /* Build configuration list for PBXNativeTarget "SceneUITests" */;
			buildPhases = (
				46042B202C887C500055DB34 /* Sources */,
				46042B212C887C500055DB34 /* Frameworks */,
				46042B222C887C500055DB34 /* Resources */,
			);
			buildRules = (
			);
			dependencies = (
				46042B262C887C500055DB34 /* PBXTargetDependency */,
			);
			name = SceneUITests;
			productName = SceneUITests;
			productReference = 46042B242C887C500055DB34 /* SceneUITests.xctest */;
			productType = "com.apple.product-type.bundle.ui-testing";
		};
/* End PBXNativeTarget section */

/* Begin PBXProject section */
		46042AFC2C887C4E0055DB34 /* Project object */ = {
			isa = PBXProject;
			attributes = {
				BuildIndependentTargetsInParallel = 1;
				LastSwiftUpdateCheck = 1540;
				LastUpgradeCheck = 1540;
				TargetAttributes = {
					46042B032C887C4E0055DB34 = {
						CreatedOnToolsVersion = 15.4;
					};
					46042B192C887C500055DB34 = {
						CreatedOnToolsVersion = 15.4;
						TestTargetID = 46042B032C887C4E0055DB34;
					};
					46042B232C887C500055DB34 = {
						CreatedOnToolsVersion = 15.4;
						TestTargetID = 46042B032C887C4E0055DB34;
					};
				};
			};
			buildConfigurationList = 46042AFF2C887C4E0055DB34 /* Build configuration list for PBXProject "Scene" */;
			compatibilityVersion = "Xcode 14.0";
			developmentRegion = en;
			hasScannedForEncodings = 0;
			knownRegions = (
				en,
				Base,
			);
			mainGroup = 46042AFB2C887C4E0055DB34;
			productRefGroup = 46042B052C887C4E0055DB34 /* Products */;
			projectDirPath = "";
			projectRoot = "";
			targets = (
				46042B032C887C4E0055DB34 /* Scene */,
				46042B192C887C500055DB34 /* SceneTests */,
				46042B232C887C500055DB34 /* SceneUITests */,
			);
		};
/* End PBXProject section */

/* Begin PBXResourcesBuildPhase section */
		46042B022C887C4E0055DB34 /* Resources */ = {
			isa = PBXResourcesBuildPhase;
			buildActionMask = 2147483647;
			files = (
				46042B112C887C4F0055DB34 /* Assets.xcassets in Resources */,
				46042B142C887C4F0055DB34 /* Base in Resources */,
				46042B0F2C887C4E0055DB34 /* Base in Resources */,
			);
			runOnlyForDeploymentPostprocessing = 0;
		};
		46042B182C887C500055DB34 /* Resources */ = {
			isa = PBXResourcesBuildPhase;
			buildActionMask = 2147483647;
			files = (
			);
			runOnlyForDeploymentPostprocessing = 0;
		};
		46042B222C887C500055DB34 /* Resources */ = {
			isa = PBXResourcesBuildPhase;
			buildActionMask = 2147483647;
			files = (
			);
			runOnlyForDeploymentPostprocessing = 0;
		};
/* End PBXResourcesBuildPhase section */

/* Begin PBXSourcesBuildPhase section */
		46042B002C887C4E0055DB34 /* Sources */ = {
			isa = PBXSourcesBuildPhase;
			buildActionMask = 2147483647;
			files = (
				46042B0C2C887C4E0055DB34 /* ViewController.swift in Sources */,
				46042B082C887C4E0055DB34 /* AppDelegate.swift in Sources */,
				46042B0A2C887C4E0055DB34 /* SceneDelegate.swift in Sources */,
			);
			runOnlyForDeploymentPostprocessing = 0;
		};
		46042B162C887C500055DB34 /* Sources */ = {
			isa = PBXSourcesBuildPhase;
			buildActionMask = 2147483647;
			files = (
				46042B1F2C887C500055DB34 /* SceneTests.swift in Sources */,
			);
			runOnlyForDeploymentPostprocessing = 0;
		};
		46042B202C887C500055DB34 /* Sources */ = {
			isa = PBXSourcesBuildPhase;
			buildActionMask = 2147483647;
			files = (
				46042B292C887C500055DB34 /* SceneUITests.swift in Sources */,
				46042B2B2C887C500055DB34 /* SceneUITestsLaunchTests.swift in Sources */,
			);
			runOnlyForDeploymentPostprocessing = 0;
		};
/* End PBXSourcesBuildPhase section */

/* Begin PBXTargetDependency section */
		46042B1C2C887C500055DB34 /* PBXTargetDependency */ = {
			isa = PBXTargetDependency;
			target = 46042B032C887C4E0055DB34 /* Scene */;
			targetProxy = 46042B1B2C887C500055DB34 /* PBXContainerItemProxy */;
		};
		46042B262C887C500055DB34 /* PBXTargetDependency */ = {
			isa = PBXTargetDependency;
			target = 46042B032C887C4E0055DB34 /* Scene */;
			targetProxy = 46042B252C887C500055DB34 /* PBXContainerItemProxy */;
		};
/* End PBXTargetDependency section */

/* Begin PBXVariantGroup section */
		46042B0D2C887C4E0055DB34 /* Main.storyboard */ = {
			isa = PBXVariantGroup;
			children = (
				46042B0E2C887C4E0055DB34 /* Base */,
			);
			name = Main.storyboard;
			sourceTree = "<group>";
		};
		46042B122C887C4F0055DB34 /* LaunchScreen.storyboard */ = {
			isa = PBXVariantGroup;
			children = (
				46042B132C887C4F0055DB34 /* Base */,
			);
			name = LaunchScreen.storyboard;
			sourceTree = "<group>";
		};
/* End PBXVariantGroup section */

/* Begin XCBuildConfiguration section */
		46042B2C2C887C500055DB34 /* Debug */ = {
			isa = XCBuildConfiguration;
			buildSettings = {
				ALWAYS_SEARCH_USER_PATHS = NO;
				ASSETCATALOG_COMPILER_GENERATE_SWIFT_ASSET_SYMBOL_EXTENSIONS = YES;
				CLANG_ANALYZER_NONNULL = YES;
				CLANG_ANALYZER_NUMBER_OBJECT_CONVERSION = YES_AGGRESSIVE;
				CLANG_CXX_LANGUAGE_STANDARD = "gnu++20";
				CLANG_ENABLE_MODULES = YES;
				CLANG_ENABLE_OBJC_ARC = YES;
				CLANG_ENABLE_OBJC_WEAK = YES;
				CLANG_WARN_BLOCK_CAPTURE_AUTORELEASING = YES;
				CLANG_WARN_BOOL_CONVERSION = YES;
				CLANG_WARN_COMMA = YES;
				CLANG_WARN_CONSTANT_CONVERSION = YES;
				CLANG_WARN_DEPRECATED_OBJC_IMPLEMENTATIONS = YES;
				CLANG_WARN_DIRECT_OBJC_ISA_USAGE = YES_ERROR;
				CLANG_WARN_DOCUMENTATION_COMMENTS = YES;
				CLANG_WARN_EMPTY_BODY = YES;
				CLANG_WARN_ENUM_CONVERSION = YES;
				CLANG_WARN_INFINITE_RECURSION = YES;
				CLANG_WARN_INT_CONVERSION = YES;
				CLANG_WARN_NON_LITERAL_NULL_CONVERSION = YES;
				CLANG_WARN_OBJC_IMPLICIT_RETAIN_SELF = YES;
				CLANG_WARN_OBJC_LITERAL_CONVERSION = YES;
				CLANG_WARN_OBJC_ROOT_CLASS = YES_ERROR;
				CLANG_WARN_QUOTED_INCLUDE_IN_FRAMEWORK_HEADER = YES;
				CLANG_WARN_RANGE_LOOP_ANALYSIS = YES;
				CLANG_WARN_STRICT_PROTOTYPES = YES;
				CLANG_WARN_SUSPICIOUS_MOVE = YES;
				CLANG_WARN_UNGUARDED_AVAILABILITY = YES_AGGRESSIVE;
				CLANG_WARN_UNREACHABLE_CODE = YES;
				CLANG_WARN__DUPLICATE_METHOD_MATCH = YES;
				COPY_PHASE_STRIP = NO;
				DEBUG_INFORMATION_FORMAT = dwarf;
				ENABLE_STRICT_OBJC_MSGSEND = YES;
				ENABLE_TESTABILITY = YES;
				ENABLE_USER_SCRIPT_SANDBOXING = YES;
				GCC_C_LANGUAGE_STANDARD = gnu17;
				GCC_DYNAMIC_NO_PIC = NO;
				GCC_NO_COMMON_BLOCKS = YES;
				GCC_OPTIMIZATION_LEVEL = 0;
				GCC_PREPROCESSOR_DEFINITIONS = (
					"DEBUG=1",
					"$(inherited)",
				);
				GCC_WARN_64_TO_32_BIT_CONVERSION = YES;
				GCC_WARN_ABOUT_RETURN_TYPE = YES_ERROR;
				GCC_WARN_UNDECLARED_SELECTOR = YES;
				GCC_WARN_UNINITIALIZED_AUTOS = YES_AGGRESSIVE;
				GCC_WARN_UNUSED_FUNCTION = YES;
				GCC_WARN_UNUSED_VARIABLE = YES;
				IPHONEOS_DEPLOYMENT_TARGET = 17.5;
				LOCALIZATION_PREFERS_STRING_CATALOGS = YES;
				MTL_ENABLE_DEBUG_INFO = INCLUDE_SOURCE;
				MTL_FAST_MATH = YES;
				ONLY_ACTIVE_ARCH = YES;
				SDKROOT = iphoneos;
				SWIFT_ACTIVE_COMPILATION_CONDITIONS = "DEBUG $(inherited)";
				SWIFT_OPTIMIZATION_LEVEL = "-Onone";
			};
			name = Debug;
		};
		46042B2D2C887C500055DB34 /* Release */ = {
			isa = XCBuildConfiguration;
			buildSettings = {
				ALWAYS_SEARCH_USER_PATHS = NO;
				ASSETCATALOG_COMPILER_GENERATE_SWIFT_ASSET_SYMBOL_EXTENSIONS = YES;
				CLANG_ANALYZER_NONNULL = YES;
				CLANG_ANALYZER_NUMBER_OBJECT_CONVERSION = YES_AGGRESSIVE;
				CLANG_CXX_LANGUAGE_STANDARD = "gnu++20";
				CLANG_ENABLE_MODULES = YES;
				CLANG_ENABLE_OBJC_ARC = YES;
				CLANG_ENABLE_OBJC_WEAK = YES;
				CLANG_WARN_BLOCK_CAPTURE_AUTORELEASING = YES;
				CLANG_WARN_BOOL_CONVERSION = YES;
				CLANG_WARN_COMMA = YES;
				CLANG_WARN_CONSTANT_CONVERSION = YES;
				CLANG_WARN_DEPRECATED_OBJC_IMPLEMENTATIONS = YES;
				CLANG_WARN_DIRECT_OBJC_ISA_USAGE = YES_ERROR;
				CLANG_WARN_DOCUMENTATION_COMMENTS = YES;
				CLANG_WARN_EMPTY_BODY = YES;
				CLANG_WARN_ENUM_CONVERSION = YES;
				CLANG_WARN_INFINITE_RECURSION = YES;
				CLANG_WARN_INT_CONVERSION = YES;
				CLANG_WARN_NON_LITERAL_NULL_CONVERSION = YES;
				CLANG_WARN_OBJC_IMPLICIT_RETAIN_SELF = YES;
				CLANG_WARN_OBJC_LITERAL_CONVERSION = YES;
				CLANG_WARN_OBJC_ROOT_CLASS = YES_ERROR;
				CLANG_WARN_QUOTED_INCLUDE_IN_FRAMEWORK_HEADER = YES;
				CLANG_WARN_RANGE_LOOP_ANALYSIS = YES;
				CLANG_WARN_STRICT_PROTOTYPES = YES;
				CLANG_WARN_SUSPICIOUS_MOVE = YES;
				CLANG_WARN_UNGUARDED_AVAILABILITY = YES_AGGRESSIVE;
				CLANG_WARN_UNREACHABLE_CODE = YES;
				CLANG_WARN__DUPLICATE_METHOD_MATCH = YES;
				COPY_PHASE_STRIP = NO;
				DEBUG_INFORMATION_FORMAT = "dwarf-with-dsym";
				ENABLE_NS_ASSERTIONS = NO;
				ENABLE_STRICT_OBJC_MSGSEND = YES;
				ENABLE_USER_SCRIPT_SANDBOXING = YES;
				GCC_C_LANGUAGE_STANDARD = gnu17;
				GCC_NO_COMMON_BLOCKS = YES;
				GCC_WARN_64_TO_32_BIT_CONVERSION = YES;
				GCC_WARN_ABOUT_RETURN_TYPE = YES_ERROR;
				GCC_WARN_UNDECLARED_SELECTOR = YES;
				GCC_WARN_UNINITIALIZED_AUTOS = YES_AGGRESSIVE;
				GCC_WARN_UNUSED_FUNCTION = YES;
				GCC_WARN_UNUSED_VARIABLE = YES;
				IPHONEOS_DEPLOYMENT_TARGET = 17.5;
				LOCALIZATION_PREFERS_STRING_CATALOGS = YES;
				MTL_ENABLE_DEBUG_INFO = NO;
				MTL_FAST_MATH = YES;
				SDKROOT = iphoneos;
				SWIFT_COMPILATION_MODE = wholemodule;
				VALIDATE_PRODUCT = YES;
			};
			name = Release;
		};
		46042B2F2C887C500055DB34 /* Debug */ = {
			isa = XCBuildConfiguration;
			buildSettings = {
				ASSETCATALOG_COMPILER_APPICON_NAME = AppIcon;
				ASSETCATALOG_COMPILER_GLOBAL_ACCENT_COLOR_NAME = AccentColor;
				CODE_SIGN_STYLE = Automatic;
				CURRENT_PROJECT_VERSION = 1;
				DEVELOPMENT_TEAM = X458CUZL7L;
				GENERATE_INFOPLIST_FILE = YES;
				INFOPLIST_FILE = Scene/Info.plist;
				INFOPLIST_KEY_UIApplicationSupportsIndirectInputEvents = YES;
				INFOPLIST_KEY_UILaunchStoryboardName = LaunchScreen;
				INFOPLIST_KEY_UIMainStoryboardFile = Main;
				INFOPLIST_KEY_UISupportedInterfaceOrientations_iPad = "UIInterfaceOrientationPortrait UIInterfaceOrientationPortraitUpsideDown UIInterfaceOrientationLandscapeLeft UIInterfaceOrientationLandscapeRight";
				INFOPLIST_KEY_UISupportedInterfaceOrientations_iPhone = "UIInterfaceOrientationPortrait UIInterfaceOrientationLandscapeLeft UIInterfaceOrientationLandscapeRight";
				LD_RUNPATH_SEARCH_PATHS = (
					"$(inherited)",
					"@executable_path/Frameworks",
				);
				MARKETING_VERSION = 1.0;
				PRODUCT_BUNDLE_IDENTIFIER = io..Scene;
				PRODUCT_NAME = "$(TARGET_NAME)";
				SWIFT_EMIT_LOC_STRINGS = YES;
				SWIFT_VERSION = 5.0;
				TARGETED_DEVICE_FAMILY = "1,2";
			};
			name = Debug;
		};
		46042B302C887C500055DB34 /* Release */ = {
			isa = XCBuildConfiguration;
			buildSettings = {
				ASSETCATALOG_COMPILER_APPICON_NAME = AppIcon;
				ASSETCATALOG_COMPILER_GLOBAL_ACCENT_COLOR_NAME = AccentColor;
				CODE_SIGN_STYLE = Automatic;
				CURRENT_PROJECT_VERSION = 1;
				DEVELOPMENT_TEAM = X458CUZL7L;
				GENERATE_INFOPLIST_FILE = YES;
				INFOPLIST_FILE = Scene/Info.plist;
				INFOPLIST_KEY_UIApplicationSupportsIndirectInputEvents = YES;
				INFOPLIST_KEY_UILaunchStoryboardName = LaunchScreen;
				INFOPLIST_KEY_UIMainStoryboardFile = Main;
				INFOPLIST_KEY_UISupportedInterfaceOrientations_iPad = "UIInterfaceOrientationPortrait UIInterfaceOrientationPortraitUpsideDown UIInterfaceOrientationLandscapeLeft UIInterfaceOrientationLandscapeRight";
				INFOPLIST_KEY_UISupportedInterfaceOrientations_iPhone = "UIInterfaceOrientationPortrait UIInterfaceOrientationLandscapeLeft UIInterfaceOrientationLandscapeRight";
				LD_RUNPATH_SEARCH_PATHS = (
					"$(inherited)",
					"@executable_path/Frameworks",
				);
				MARKETING_VERSION = 1.0;
				PRODUCT_BUNDLE_IDENTIFIER = io..Scene;
				PRODUCT_NAME = "$(TARGET_NAME)";
				SWIFT_EMIT_LOC_STRINGS = YES;
				SWIFT_VERSION = 5.0;
				TARGETED_DEVICE_FAMILY = "1,2";
			};
			name = Release;
		};
		46042B322C887C500055DB34 /* Debug */ = {
			isa = XCBuildConfiguration;
			buildSettings = {
				ALWAYS_EMBED_SWIFT_STANDARD_LIBRARIES = YES;
				BUNDLE_LOADER = "$(TEST_HOST)";
				CODE_SIGN_STYLE = Automatic;
				CURRENT_PROJECT_VERSION = 1;
				DEVELOPMENT_TEAM = X458CUZL7L;
				GENERATE_INFOPLIST_FILE = YES;
				IPHONEOS_DEPLOYMENT_TARGET = 17.5;
				MARKETING_VERSION = 1.0;
				PRODUCT_BUNDLE_IDENTIFIER = io..SceneTests;
				PRODUCT_NAME = "$(TARGET_NAME)";
				SWIFT_EMIT_LOC_STRINGS = NO;
				SWIFT_VERSION = 5.0;
				TARGETED_DEVICE_FAMILY = "1,2";
				TEST_HOST = "$(BUILT_PRODUCTS_DIR)/Scene.app/$(BUNDLE_EXECUTABLE_FOLDER_PATH)/Scene";
			};
			name = Debug;
		};
		46042B332C887C500055DB34 /* Release */ = {
			isa = XCBuildConfiguration;
			buildSettings = {
				ALWAYS_EMBED_SWIFT_STANDARD_LIBRARIES = YES;
				BUNDLE_LOADER = "$(TEST_HOST)";
				CODE_SIGN_STYLE = Automatic;
				CURRENT_PROJECT_VERSION = 1;
				DEVELOPMENT_TEAM = X458CUZL7L;
				GENERATE_INFOPLIST_FILE = YES;
				IPHONEOS_DEPLOYMENT_TARGET = 17.5;
				MARKETING_VERSION = 1.0;
				PRODUCT_BUNDLE_IDENTIFIER = io..SceneTests;
				PRODUCT_NAME = "$(TARGET_NAME)";
				SWIFT_EMIT_LOC_STRINGS = NO;
				SWIFT_VERSION = 5.0;
				TARGETED_DEVICE_FAMILY = "1,2";
				TEST_HOST = "$(BUILT_PRODUCTS_DIR)/Scene.app/$(BUNDLE_EXECUTABLE_FOLDER_PATH)/Scene";
			};
			name = Release;
		};
		46042B352C887C500055DB34 /* Debug */ = {
			isa = XCBuildConfiguration;
			buildSettings = {
				ALWAYS_EMBED_SWIFT_STANDARD_LIBRARIES = YES;
				CODE_SIGN_STYLE = Automatic;
				CURRENT_PROJECT_VERSION = 1;
				DEVELOPMENT_TEAM = X458CUZL7L;
				GENERATE_INFOPLIST_FILE = YES;
				MARKETING_VERSION = 1.0;
				PRODUCT_BUNDLE_IDENTIFIER = io..SceneUITests;
				PRODUCT_NAME = "$(TARGET_NAME)";
				SWIFT_EMIT_LOC_STRINGS = NO;
				SWIFT_VERSION = 5.0;
				TARGETED_DEVICE_FAMILY = "1,2";
				TEST_TARGET_NAME = Scene;
			};
			name = Debug;
		};
		46042B362C887C500055DB34 /* Release */ = {
			isa = XCBuildConfiguration;
			buildSettings = {
				ALWAYS_EMBED_SWIFT_STANDARD_LIBRARIES = YES;
				CODE_SIGN_STYLE = Automatic;
				CURRENT_PROJECT_VERSION = 1;
				DEVELOPMENT_TEAM = X458CUZL7L;
				GENERATE_INFOPLIST_FILE = YES;
				MARKETING_VERSION = 1.0;
				PRODUCT_BUNDLE_IDENTIFIER = io..SceneUITests;
				PRODUCT_NAME = "$(TARGET_NAME)";
				SWIFT_EMIT_LOC_STRINGS = NO;
				SWIFT_VERSION = 5.0;
				TARGETED_DEVICE_FAMILY = "1,2";
				TEST_TARGET_NAME = Scene;
			};
			name = Release;
		};
/* End XCBuildConfiguration section */

/* Begin XCConfigurationList section */
		46042AFF2C887C4E0055DB34 /* Build configuration list for PBXProject "Scene" */ = {
			isa = XCConfigurationList;
			buildConfigurations = (
				46042B2C2C887C500055DB34 /* Debug */,
				46042B2D2C887C500055DB34 /* Release */,
			);
			defaultConfigurationIsVisible = 0;
			defaultConfigurationName = Release;
		};
		46042B2E2C887C500055DB34 /* Build configuration list for PBXNativeTarget "Scene" */ = {
			isa = XCConfigurationList;
			buildConfigurations = (
				46042B2F2C887C500055DB34 /* Debug */,
				46042B302C887C500055DB34 /* Release */,
			);
			defaultConfigurationIsVisible = 0;
			defaultConfigurationName = Release;
		};
		46042B312C887C500055DB34 /* Build configuration list for PBXNativeTarget "SceneTests" */ = {
			isa = XCConfigurationList;
			buildConfigurations = (
				46042B322C887C500055DB34 /* Debug */,
				46042B332C887C500055DB34 /* Release */,
			);
			defaultConfigurationIsVisible = 0;
			defaultConfigurationName = Release;
		};
		46042B342C887C500055DB34 /* Build configuration list for PBXNativeTarget "SceneUITests" */ = {
			isa = XCConfigurationList;
			buildConfigurations = (
				46042B352C887C500055DB34 /* Debug */,
				46042B362C887C500055DB34 /* Release */,
			);
			defaultConfigurationIsVisible = 0;
			defaultConfigurationName = Release;
		};
/* End XCConfigurationList section */
	};
	rootObject = 46042AFC2C887C4E0055DB34 /* Project object */;
}
